
Microsoft Visual Studio Solution File, Format Version 12.00
# Visual Studio Version 16
VisualStudioVersion = 16.0.30523.141
MinimumVisualStudioVersion = 15.0.26124.0
Project("{2150E333-8FDC-42A3-9474-1A3956D46DE8}") = "src", "src", "{E46F4A81-CC6A-4C2F-82EE-97E13C9F05E9}"
EndProject
Project("{9A19103F-16F7-4668-BE54-9A1E7A4F7556}") = "Domain", "src\Domain\Domain.csproj", "{DD8C1C12-2A0F-4EF6-BE0A-468F91C21177}"
EndProject
Project("{9A19103F-16F7-4668-BE54-9A1E7A4F7556}") = "Application", "src\Application\Application.csproj", "{0C31A232-DA2A-4E99-90C6-6C99B9DCD18F}"
EndProject
Project("{9A19103F-16F7-4668-BE54-9A1E7A4F7556}") = "Infrastructure", "src\Infrastructure\Infrastructure.csproj", "{0E9C85B9-45E9-4BA7-AC92-9DAF82A2E5FA}"
EndProject
Project("{2150E333-8FDC-42A3-9474-1A3956D46DE8}") = "tests", "tests", "{C20DC94E-8F4D-458D-921E-97467747B161}"
EndProject
Project("{9A19103F-16F7-4668-BE54-9A1E7A4F7556}") = "Application.Tests", "tests\Application.Tests\Application.Tests.csproj", "{9412C427-4C38-484E-B179-8652083E3ED8}"
EndProject
Project("{9A19103F-16F7-4668-BE54-9A1E7A4F7556}") = "Infrastructure.IntegrationTests", "Tests\Infrastructure.IntegrationTests\Infrastructure.IntegrationTests.csproj", "{885F772A-9D34-4625-91F0-EB952C59C0A3}"
EndProject
Project("{9A19103F-16F7-4668-BE54-9A1E7A4F7556}") = "Infrastructure.UnitTests", "Tests\Infrastructure.UnitTests\Infrastructure.UnitTests.csproj", "{F7F98DD8-58DE-46A8-8FDC-819B0DFCC479}"
EndProject
Project("{FAE04EC0-301F-11D3-BF4B-00C04F79EFBC}") = "ManagementJobFunction", "src\ManagementJobFunction\ManagementJobFunction.csproj", "{C268AFA2-F53C-45DD-9F2E-AE3814459258}"
EndProject
Project("{FAE04EC0-301F-11D3-BF4B-00C04F79EFBC}") = "Api", "src\Api\Api.csproj", "{E25B5D6E-DFBE-4B5B-804C-BB7143E9EBDD}"
EndProject
Global
	GlobalSection(SolutionConfigurationPlatforms) = preSolution
		Debug|Any CPU = Debug|Any CPU
		Debug|x64 = Debug|x64
		Debug|x86 = Debug|x86
		Release|Any CPU = Release|Any CPU
		Release|x64 = Release|x64
		Release|x86 = Release|x86
	EndGlobalSection
	GlobalSection(ProjectConfigurationPlatforms) = postSolution
		{DD8C1C12-2A0F-4EF6-BE0A-468F91C21177}.Debug|Any CPU.ActiveCfg = Debug|Any CPU
		{DD8C1C12-2A0F-4EF6-BE0A-468F91C21177}.Debug|Any CPU.Build.0 = Debug|Any CPU
		{DD8C1C12-2A0F-4EF6-BE0A-468F91C21177}.Debug|x64.ActiveCfg = Debug|Any CPU
		{DD8C1C12-2A0F-4EF6-BE0A-468F91C21177}.Debug|x64.Build.0 = Debug|Any CPU
		{DD8C1C12-2A0F-4EF6-BE0A-468F91C21177}.Debug|x86.ActiveCfg = Debug|Any CPU
		{DD8C1C12-2A0F-4EF6-BE0A-468F91C21177}.Debug|x86.Build.0 = Debug|Any CPU
		{DD8C1C12-2A0F-4EF6-BE0A-468F91C21177}.Release|Any CPU.ActiveCfg = Release|Any CPU
		{DD8C1C12-2A0F-4EF6-BE0A-468F91C21177}.Release|Any CPU.Build.0 = Release|Any CPU
		{DD8C1C12-2A0F-4EF6-BE0A-468F91C21177}.Release|x64.ActiveCfg = Release|Any CPU
		{DD8C1C12-2A0F-4EF6-BE0A-468F91C21177}.Release|x64.Build.0 = Release|Any CPU
		{DD8C1C12-2A0F-4EF6-BE0A-468F91C21177}.Release|x86.ActiveCfg = Release|Any CPU
		{DD8C1C12-2A0F-4EF6-BE0A-468F91C21177}.Release|x86.Build.0 = Release|Any CPU
		{0C31A232-DA2A-4E99-90C6-6C99B9DCD18F}.Debug|Any CPU.ActiveCfg = Debug|Any CPU
		{0C31A232-DA2A-4E99-90C6-6C99B9DCD18F}.Debug|Any CPU.Build.0 = Debug|Any CPU
		{0C31A232-DA2A-4E99-90C6-6C99B9DCD18F}.Debug|x64.ActiveCfg = Debug|Any CPU
		{0C31A232-DA2A-4E99-90C6-6C99B9DCD18F}.Debug|x64.Build.0 = Debug|Any CPU
		{0C31A232-DA2A-4E99-90C6-6C99B9DCD18F}.Debug|x86.ActiveCfg = Debug|Any CPU
		{0C31A232-DA2A-4E99-90C6-6C99B9DCD18F}.Debug|x86.Build.0 = Debug|Any CPU
		{0C31A232-DA2A-4E99-90C6-6C99B9DCD18F}.Release|Any CPU.ActiveCfg = Release|Any CPU
		{0C31A232-DA2A-4E99-90C6-6C99B9DCD18F}.Release|Any CPU.Build.0 = Release|Any CPU
		{0C31A232-DA2A-4E99-90C6-6C99B9DCD18F}.Release|x64.ActiveCfg = Release|Any CPU
		{0C31A232-DA2A-4E99-90C6-6C99B9DCD18F}.Release|x64.Build.0 = Release|Any CPU
		{0C31A232-DA2A-4E99-90C6-6C99B9DCD18F}.Release|x86.ActiveCfg = Release|Any CPU
		{0C31A232-DA2A-4E99-90C6-6C99B9DCD18F}.Release|x86.Build.0 = Release|Any CPU
		{0E9C85B9-45E9-4BA7-AC92-9DAF82A2E5FA}.Debug|Any CPU.ActiveCfg = Debug|Any CPU
		{0E9C85B9-45E9-4BA7-AC92-9DAF82A2E5FA}.Debug|Any CPU.Build.0 = Debug|Any CPU
		{0E9C85B9-45E9-4BA7-AC92-9DAF82A2E5FA}.Debug|x64.ActiveCfg = Debug|Any CPU
		{0E9C85B9-45E9-4BA7-AC92-9DAF82A2E5FA}.Debug|x64.Build.0 = Debug|Any CPU
		{0E9C85B9-45E9-4BA7-AC92-9DAF82A2E5FA}.Debug|x86.ActiveCfg = Debug|Any CPU
		{0E9C85B9-45E9-4BA7-AC92-9DAF82A2E5FA}.Debug|x86.Build.0 = Debug|Any CPU
		{0E9C85B9-45E9-4BA7-AC92-9DAF82A2E5FA}.Release|Any CPU.ActiveCfg = Release|Any CPU
		{0E9C85B9-45E9-4BA7-AC92-9DAF82A2E5FA}.Release|Any CPU.Build.0 = Release|Any CPU
		{0E9C85B9-45E9-4BA7-AC92-9DAF82A2E5FA}.Release|x64.ActiveCfg = Release|Any CPU
		{0E9C85B9-45E9-4BA7-AC92-9DAF82A2E5FA}.Release|x64.Build.0 = Release|Any CPU
		{0E9C85B9-45E9-4BA7-AC92-9DAF82A2E5FA}.Release|x86.ActiveCfg = Release|Any CPU
		{0E9C85B9-45E9-4BA7-AC92-9DAF82A2E5FA}.Release|x86.Build.0 = Release|Any CPU
		{9412C427-4C38-484E-B179-8652083E3ED8}.Debug|Any CPU.ActiveCfg = Debug|Any CPU
		{9412C427-4C38-484E-B179-8652083E3ED8}.Debug|Any CPU.Build.0 = Debug|Any CPU
		{9412C427-4C38-484E-B179-8652083E3ED8}.Debug|x64.ActiveCfg = Debug|Any CPU
		{9412C427-4C38-484E-B179-8652083E3ED8}.Debug|x64.Build.0 = Debug|Any CPU
		{9412C427-4C38-484E-B179-8652083E3ED8}.Debug|x86.ActiveCfg = Debug|Any CPU
		{9412C427-4C38-484E-B179-8652083E3ED8}.Debug|x86.Build.0 = Debug|Any CPU
		{9412C427-4C38-484E-B179-8652083E3ED8}.Release|Any CPU.ActiveCfg = Release|Any CPU
		{9412C427-4C38-484E-B179-8652083E3ED8}.Release|Any CPU.Build.0 = Release|Any CPU
		{9412C427-4C38-484E-B179-8652083E3ED8}.Release|x64.ActiveCfg = Release|Any CPU
		{9412C427-4C38-484E-B179-8652083E3ED8}.Release|x64.Build.0 = Release|Any CPU
		{9412C427-4C38-484E-B179-8652083E3ED8}.Release|x86.ActiveCfg = Release|Any CPU
		{9412C427-4C38-484E-B179-8652083E3ED8}.Release|x86.Build.0 = Release|Any CPU
		{885F772A-9D34-4625-91F0-EB952C59C0A3}.Debug|Any CPU.ActiveCfg = Debug|Any CPU
		{885F772A-9D34-4625-91F0-EB952C59C0A3}.Debug|Any CPU.Build.0 = Debug|Any CPU
		{885F772A-9D34-4625-91F0-EB952C59C0A3}.Debug|x64.ActiveCfg = Debug|Any CPU
		{885F772A-9D34-4625-91F0-EB952C59C0A3}.Debug|x64.Build.0 = Debug|Any CPU
		{885F772A-9D34-4625-91F0-EB952C59C0A3}.Debug|x86.ActiveCfg = Debug|Any CPU
		{885F772A-9D34-4625-91F0-EB952C59C0A3}.Debug|x86.Build.0 = Debug|Any CPU
		{885F772A-9D34-4625-91F0-EB952C59C0A3}.Release|Any CPU.ActiveCfg = Release|Any CPU
		{885F772A-9D34-4625-91F0-EB952C59C0A3}.Release|Any CPU.Build.0 = Release|Any CPU
		{885F772A-9D34-4625-91F0-EB952C59C0A3}.Release|x64.ActiveCfg = Release|Any CPU
		{885F772A-9D34-4625-91F0-EB952C59C0A3}.Release|x64.Build.0 = Release|Any CPU
		{885F772A-9D34-4625-91F0-EB952C59C0A3}.Release|x86.ActiveCfg = Release|Any CPU
		{885F772A-9D34-4625-91F0-EB952C59C0A3}.Release|x86.Build.0 = Release|Any CPU
		{F7F98DD8-58DE-46A8-8FDC-819B0DFCC479}.Debug|Any CPU.ActiveCfg = Debug|Any CPU
		{F7F98DD8-58DE-46A8-8FDC-819B0DFCC479}.Debug|Any CPU.Build.0 = Debug|Any CPU
		{F7F98DD8-58DE-46A8-8FDC-819B0DFCC479}.Debug|x64.ActiveCfg = Debug|Any CPU
		{F7F98DD8-58DE-46A8-8FDC-819B0DFCC479}.Debug|x64.Build.0 = Debug|Any CPU
		{F7F98DD8-58DE-46A8-8FDC-819B0DFCC479}.Debug|x86.ActiveCfg = Debug|Any CPU
		{F7F98DD8-58DE-46A8-8FDC-819B0DFCC479}.Debug|x86.Build.0 = Debug|Any CPU
		{F7F98DD8-58DE-46A8-8FDC-819B0DFCC479}.Release|Any CPU.ActiveCfg = Release|Any CPU
		{F7F98DD8-58DE-46A8-8FDC-819B0DFCC479}.Release|Any CPU.Build.0 = Release|Any CPU
		{F7F98DD8-58DE-46A8-8FDC-819B0DFCC479}.Release|x64.ActiveCfg = Release|Any CPU
		{F7F98DD8-58DE-46A8-8FDC-819B0DFCC479}.Release|x64.Build.0 = Release|Any CPU
		{F7F98DD8-58DE-46A8-8FDC-819B0DFCC479}.Release|x86.ActiveCfg = Release|Any CPU
		{F7F98DD8-58DE-46A8-8FDC-819B0DFCC479}.Release|x86.Build.0 = Release|Any CPU
		{C268AFA2-F53C-45DD-9F2E-AE3814459258}.Debug|Any CPU.ActiveCfg = Debug|Any CPU
		{C268AFA2-F53C-45DD-9F2E-AE3814459258}.Debug|Any CPU.Build.0 = Debug|Any CPU
		{C268AFA2-F53C-45DD-9F2E-AE3814459258}.Debug|x64.ActiveCfg = Debug|Any CPU
		{C268AFA2-F53C-45DD-9F2E-AE3814459258}.Debug|x64.Build.0 = Debug|Any CPU
		{C268AFA2-F53C-45DD-9F2E-AE3814459258}.Debug|x86.ActiveCfg = Debug|Any CPU
		{C268AFA2-F53C-45DD-9F2E-AE3814459258}.Debug|x86.Build.0 = Debug|Any CPU
		{C268AFA2-F53C-45DD-9F2E-AE3814459258}.Release|Any CPU.ActiveCfg = Release|Any CPU
		{C268AFA2-F53C-45DD-9F2E-AE3814459258}.Release|Any CPU.Build.0 = Release|Any CPU
		{C268AFA2-F53C-45DD-9F2E-AE3814459258}.Release|x64.ActiveCfg = Release|Any CPU
		{C268AFA2-F53C-45DD-9F2E-AE3814459258}.Release|x64.Build.0 = Release|Any CPU
		{C268AFA2-F53C-45DD-9F2E-AE3814459258}.Release|x86.ActiveCfg = Release|Any CPU
		{C268AFA2-F53C-45DD-9F2E-AE3814459258}.Release|x86.Build.0 = Release|Any CPU
		{E25B5D6E-DFBE-4B5B-804C-BB7143E9EBDD}.Debug|Any CPU.ActiveCfg = Debug|Any CPU
		{E25B5D6E-DFBE-4B5B-804C-BB7143E9EBDD}.Debug|Any CPU.Build.0 = Debug|Any CPU
		{E25B5D6E-DFBE-4B5B-804C-BB7143E9EBDD}.Debug|x64.ActiveCfg = Debug|Any CPU
		{E25B5D6E-DFBE-4B5B-804C-BB7143E9EBDD}.Debug|x64.Build.0 = Debug|Any CPU
		{E25B5D6E-DFBE-4B5B-804C-BB7143E9EBDD}.Debug|x86.ActiveCfg = Debug|Any CPU
		{E25B5D6E-DFBE-4B5B-804C-BB7143E9EBDD}.Debug|x86.Build.0 = Debug|Any CPU
		{E25B5D6E-DFBE-4B5B-804C-BB7143E9EBDD}.Release|Any CPU.ActiveCfg = Release|Any CPU
		{E25B5D6E-DFBE-4B5B-804C-BB7143E9EBDD}.Release|Any CPU.Build.0 = Release|Any CPU
		{E25B5D6E-DFBE-4B5B-804C-BB7143E9EBDD}.Release|x64.ActiveCfg = Release|Any CPU
		{E25B5D6E-DFBE-4B5B-804C-BB7143E9EBDD}.Release|x64.Build.0 = Release|Any CPU
		{E25B5D6E-DFBE-4B5B-804C-BB7143E9EBDD}.Release|x86.ActiveCfg = Release|Any CPU
		{E25B5D6E-DFBE-4B5B-804C-BB7143E9EBDD}.Release|x86.Build.0 = Release|Any CPU
	EndGlobalSection
	GlobalSection(SolutionProperties) = preSolution
		HideSolutionNode = FALSE
	EndGlobalSection
	GlobalSection(NestedProjects) = preSolution
		{DD8C1C12-2A0F-4EF6-BE0A-468F91C21177} = {E46F4A81-CC6A-4C2F-82EE-97E13C9F05E9}
		{0C31A232-DA2A-4E99-90C6-6C99B9DCD18F} = {E46F4A81-CC6A-4C2F-82EE-97E13C9F05E9}
		{0E9C85B9-45E9-4BA7-AC92-9DAF82A2E5FA} = {E46F4A81-CC6A-4C2F-82EE-97E13C9F05E9}
		{9412C427-4C38-484E-B179-8652083E3ED8} = {C20DC94E-8F4D-458D-921E-97467747B161}
		{885F772A-9D34-4625-91F0-EB952C59C0A3} = {C20DC94E-8F4D-458D-921E-97467747B161}
		{F7F98DD8-58DE-46A8-8FDC-819B0DFCC479} = {C20DC94E-8F4D-458D-921E-97467747B161}
		{C268AFA2-F53C-45DD-9F2E-AE3814459258} = {E46F4A81-CC6A-4C2F-82EE-97E13C9F05E9}
		{E25B5D6E-DFBE-4B5B-804C-BB7143E9EBDD} = {E46F4A81-CC6A-4C2F-82EE-97E13C9F05E9}
	EndGlobalSection
	GlobalSection(ExtensibilityGlobals) = postSolution
		SolutionGuid = {8929671B-D181-41CE-B674-716F5A4BD5DA}
	EndGlobalSection
EndGlobal
